
Microsoft Visual Studio Solution File, Format Version 12.00
# Visual Studio Version 17
VisualStudioVersion = 17.0.31903.59
MinimumVisualStudioVersion = 10.0.40219.1
Project("{FAE04EC0-301F-11D3-BF4B-00C04F79EFBC}") = "ElasticPersonalization.API", "src\ElasticPersonalization.API\ElasticPersonalization.API.csproj", "{D5CC1E84-6D23-4A17-A7DA-8B6A5F6A9DD5}"
EndProject
Project("{FAE04EC0-301F-11D3-BF4B-00C04F79EFBC}") = "ElasticPersonalization.Core", "src\ElasticPersonalization.Core\ElasticPersonalization.Core.csproj", "{2D8E9456-5E81-4C80-9D6D-A7C1DD45F2B5}"
EndProject
Project("{FAE04EC0-301F-11D3-BF4B-00C04F79EFBC}") = "ElasticPersonalization.Infrastructure", "src\ElasticPersonalization.Infrastructure\ElasticPersonalization.Infrastructure.csproj", "{F7FD5A50-C6C7-4D5A-9A03-1C9D8EF7F6C7}"
EndProject
Global
	GlobalSection(SolutionConfigurationPlatforms) = preSolution
		Debug|Any CPU = Debug|Any CPU
		Release|Any CPU = Release|Any CPU
	EndGlobalSection
	GlobalSection(SolutionProperties) = preSolution
		HideSolutionNode = FALSE
	EndGlobalSection
	GlobalSection(ProjectConfigurationPlatforms) = postSolution
		{D5CC1E84-6D23-4A17-A7DA-8B6A5F6A9DD5}.Debug|Any CPU.ActiveCfg = Debug|Any CPU
		{D5CC1E84-6D23-4A17-A7DA-8B6A5F6A9DD5}.Debug|Any CPU.Build.0 = Debug|Any CPU
		{D5CC1E84-6D23-4A17-A7DA-8B6A5F6A9DD5}.Release|Any CPU.ActiveCfg = Release|Any CPU
		{D5CC1E84-6D23-4A17-A7DA-8B6A5F6A9DD5}.Release|Any CPU.Build.0 = Release|Any CPU
		{2D8E9456-5E81-4C80-9D6D-A7C1DD45F2B5}.Debug|Any CPU.ActiveCfg = Debug|Any CPU
		{2D8E9456-5E81-4C80-9D6D-A7C1DD45F2B5}.Debug|Any CPU.Build.0 = Debug|Any CPU
		{2D8E9456-5E81-4C80-9D6D-A7C1DD45F2B5}.Release|Any CPU.ActiveCfg = Release|Any CPU
		{2D8E9456-5E81-4C80-9D6D-A7C1DD45F2B5}.Release|Any CPU.Build.0 = Release|Any CPU
		{F7FD5A50-C6C7-4D5A-9A03-1C9D8EF7F6C7}.Debug|Any CPU.ActiveCfg = Debug|Any CPU
		{F7FD5A50-C6C7-4D5A-9A03-1C9D8EF7F6C7}.Debug|Any CPU.Build.0 = Debug|Any CPU
		{F7FD5A50-C6C7-4D5A-9A03-1C9D8EF7F6C7}.Release|Any CPU.ActiveCfg = Release|Any CPU
		{F7FD5A50-C6C7-4D5A-9A03-1C9D8EF7F6C7}.Release|Any CPU.Build.0 = Release|Any CPU
	EndGlobalSection
EndGlobal
